
Microsoft Visual Studio Solution File, Format Version 12.00
# Visual Studio Version 17
VisualStudioVersion = 17.0.31903.59
MinimumVisualStudioVersion = 10.0.40219.1
Project("{FAE04EC0-301F-11D3-BF4B-00C04F79EFBC}") = "API", "API\API.csproj", "{15746F52-2D80-4649-BD3E-AE6A7DBA5B5A}"
EndProject
Global
	GlobalSection(SolutionConfigurationPlatforms) = preSolution
		Debug|Any CPU = Debug|Any CPU
		Release|Any CPU = Release|Any CPU
	EndGlobalSection
	GlobalSection(SolutionProperties) = preSolution
		HideSolutionNode = FALSE
	EndGlobalSection
	GlobalSection(ProjectConfigurationPlatforms) = postSolution
		{15746F52-2D80-4649-BD3E-AE6A7DBA5B5A}.Debug|Any CPU.ActiveCfg = Debug|Any CPU
		{15746F52-2D80-4649-BD3E-AE6A7DBA5B5A}.Debug|Any CPU.Build.0 = Debug|Any CPU
		{15746F52-2D80-4649-BD3E-AE6A7DBA5B5A}.Release|Any CPU.ActiveCfg = Release|Any CPU
		{15746F52-2D80-4649-BD3E-AE6A7DBA5B5A}.Release|Any CPU.Build.0 = Release|Any CPU
	EndGlobalSection
EndGlobal
